
Microsoft Visual Studio Solution File, Format Version 12.00
# Visual Studio Version 17
VisualStudioVersion = 17.1.32414.318
MinimumVisualStudioVersion = 10.0.40219.1
Project("{FAE04EC0-301F-11D3-BF4B-00C04F79EFBC}") = "Chapter16", "Chapter16\Chapter16.csproj", "{EDA3C09D-7147-4747-849F-CDA4606C0C11}"
EndProject
Global
	GlobalSection(SolutionConfigurationPlatforms) = preSolution
		Debug|Any CPU = Debug|Any CPU
		Release|Any CPU = Release|Any CPU
	EndGlobalSection
	GlobalSection(ProjectConfigurationPlatforms) = postSolution
		{EDA3C09D-7147-4747-849F-CDA4606C0C11}.Debug|Any CPU.ActiveCfg = Debug|Any CPU
		{EDA3C09D-7147-4747-849F-CDA4606C0C11}.Debug|Any CPU.Build.0 = Debug|Any CPU
		{EDA3C09D-7147-4747-849F-CDA4606C0C11}.Release|Any CPU.ActiveCfg = Release|Any CPU
		{EDA3C09D-7147-4747-849F-CDA4606C0C11}.Release|Any CPU.Build.0 = Release|Any CPU
	EndGlobalSection
	GlobalSection(SolutionProperties) = preSolution
		HideSolutionNode = FALSE
	EndGlobalSection
	GlobalSection(ExtensibilityGlobals) = postSolution
		SolutionGuid = {BBCDDC11-1176-467D-A179-4E89F986ACE2}
	EndGlobalSection
EndGlobal
